
Microsoft Visual Studio Solution File, Format Version 12.00
# Visual Studio Version 16
VisualStudioVersion = 16.0.29001.49
MinimumVisualStudioVersion = 10.0.40219.1
Project("{FAE04EC0-301F-11D3-BF4B-00C04F79EFBC}") = "Thread_1", "Thread_1.csproj", "{20701C6F-DF29-4B3F-9E1F-86DA005E2999}"
EndProject
Global
	GlobalSection(SolutionConfigurationPlatforms) = preSolution
		Debug|Any CPU = Debug|Any CPU
		Release|Any CPU = Release|Any CPU
	EndGlobalSection
	GlobalSection(ProjectConfigurationPlatforms) = postSolution
		{20701C6F-DF29-4B3F-9E1F-86DA005E2999}.Debug|Any CPU.ActiveCfg = Debug|Any CPU
		{20701C6F-DF29-4B3F-9E1F-86DA005E2999}.Debug|Any CPU.Build.0 = Debug|Any CPU
		{20701C6F-DF29-4B3F-9E1F-86DA005E2999}.Release|Any CPU.ActiveCfg = Release|Any CPU
		{20701C6F-DF29-4B3F-9E1F-86DA005E2999}.Release|Any CPU.Build.0 = Release|Any CPU
	EndGlobalSection
	GlobalSection(SolutionProperties) = preSolution
		HideSolutionNode = FALSE
	EndGlobalSection
	GlobalSection(ExtensibilityGlobals) = postSolution
		SolutionGuid = {2B624509-FB39-4DFF-A58A-038F86EBE73F}
	EndGlobalSection
EndGlobal
